{
  "requires": true,
  "lockfileVersion": 1,
  "dependencies": {
    "@primer/css": {
      "version": "16.1.1",
      "resolved": "https://registry.npmjs.org/@primer/css/-/css-16.1.1.tgz",
      "integrity": "sha512-hccIfwO8axja/DZirIEa46GDTt9hdL9Jqbz1vYwjycL2fZpm6Ywm8w9TUc7ZN2qVQTrVDNK1GrpYky3zPDa7aA==",
      "requires": {
        "@primer/octicons": "^9.1.1",
        "@primer/primitives": "4.1.0"
      }
    },
    "@primer/octicons": {
      "version": "9.6.0",
      "resolved": "https://registry.npmjs.org/@primer/octicons/-/octicons-9.6.0.tgz",
      "integrity": "sha512-B5Wzk5izRXXz0JqEXJkVUtqhCXSpUKgqYkVwegMkp5sziBW+ksd9LPbONlCWyyLODwf9GsI2sBXekR7m+JJDBw==",
      "requires": {
        "object-assign": "^4.1.1"
      }
    },
    "@primer/primitives": {
      "version": "4.1.0",
      "resolved": "https://registry.npmjs.org/@primer/primitives/-/primitives-4.1.0.tgz",
      "integrity": "sha512-bACUj3Xl2z5dnYKE/76BpNqN4/JXFngf26dbb7Goph2PU5wcf+Z2Kk3nXwtJPGG8JByO+FcU3gpZjLNoyuLMHQ=="
    },
    "object-assign": {
      "version": "4.1.1",
      "resolved": "https://registry.npmjs.org/object-assign/-/object-assign-4.1.1.tgz",
      "integrity": "sha1-IQmtx5ZYh8/AXLvUQsrIv7s2CGM="
    }
  }
}
